
Microsoft Visual Studio Solution File, Format Version 12.00
# Visual Studio Version 17
VisualStudioVersion = 17.7.34024.191
MinimumVisualStudioVersion = 10.0.40219.1
Project("{FAE04EC0-301F-11D3-BF4B-00C04F79EFBC}") = "MVCLab", "MVCLab\MVCLab.csproj", "{FE141FF2-9692-497C-B1BE-EFF22EBEFBA7}"
EndProject
Global
	GlobalSection(SolutionConfigurationPlatforms) = preSolution
		Debug|Any CPU = Debug|Any CPU
		Release|Any CPU = Release|Any CPU
	EndGlobalSection
	GlobalSection(ProjectConfigurationPlatforms) = postSolution
		{FE141FF2-9692-497C-B1BE-EFF22EBEFBA7}.Debug|Any CPU.ActiveCfg = Debug|Any CPU
		{FE141FF2-9692-497C-B1BE-EFF22EBEFBA7}.Debug|Any CPU.Build.0 = Debug|Any CPU
		{FE141FF2-9692-497C-B1BE-EFF22EBEFBA7}.Release|Any CPU.ActiveCfg = Release|Any CPU
		{FE141FF2-9692-497C-B1BE-EFF22EBEFBA7}.Release|Any CPU.Build.0 = Release|Any CPU
	EndGlobalSection
	GlobalSection(SolutionProperties) = preSolution
		HideSolutionNode = FALSE
	EndGlobalSection
	GlobalSection(ExtensibilityGlobals) = postSolution
		SolutionGuid = {C27C1998-1DBE-4E03-810B-F78DAAC0E096}
	EndGlobalSection
EndGlobal
